
Microsoft Visual Studio Solution File, Format Version 12.00
# Visual Studio Version 17
VisualStudioVersion = 17.9.34701.34
MinimumVisualStudioVersion = 10.0.40219.1
Project("{9A19103F-16F7-4668-BE54-9A1E7A4F7556}") = "Capital and Cargo", "Capital And Cargo 1\Capital and Cargo.csproj", "{D6553EB8-69BC-4CA2-B048-B08BDD5F9693}"
EndProject
Project("{9A19103F-16F7-4668-BE54-9A1E7A4F7556}") = "Capital And Cargo 2", "Capital And Cargo 2\Capital And Cargo 2.csproj", "{A220A298-4685-4249-9482-D1E0EE6E4A2F}"
EndProject
Global
	GlobalSection(SolutionConfigurationPlatforms) = preSolution
		Debug|Any CPU = Debug|Any CPU
		Release|Any CPU = Release|Any CPU
	EndGlobalSection
	GlobalSection(ProjectConfigurationPlatforms) = postSolution
		{D6553EB8-69BC-4CA2-B048-B08BDD5F9693}.Debug|Any CPU.ActiveCfg = Debug|Any CPU
		{D6553EB8-69BC-4CA2-B048-B08BDD5F9693}.Debug|Any CPU.Build.0 = Debug|Any CPU
		{D6553EB8-69BC-4CA2-B048-B08BDD5F9693}.Release|Any CPU.ActiveCfg = Release|Any CPU
		{D6553EB8-69BC-4CA2-B048-B08BDD5F9693}.Release|Any CPU.Build.0 = Release|Any CPU
		{A220A298-4685-4249-9482-D1E0EE6E4A2F}.Debug|Any CPU.ActiveCfg = Debug|Any CPU
		{A220A298-4685-4249-9482-D1E0EE6E4A2F}.Debug|Any CPU.Build.0 = Debug|Any CPU
		{A220A298-4685-4249-9482-D1E0EE6E4A2F}.Release|Any CPU.ActiveCfg = Release|Any CPU
		{A220A298-4685-4249-9482-D1E0EE6E4A2F}.Release|Any CPU.Build.0 = Release|Any CPU
	EndGlobalSection
	GlobalSection(SolutionProperties) = preSolution
		HideSolutionNode = FALSE
	EndGlobalSection
	GlobalSection(ExtensibilityGlobals) = postSolution
		SolutionGuid = {6A9B3FFA-EE07-49CE-BA16-596638269812}
	EndGlobalSection
EndGlobal
