
Microsoft Visual Studio Solution File, Format Version 12.00
# Visual Studio Version 17
VisualStudioVersion = 17.5.002.0
MinimumVisualStudioVersion = 10.0.40219.1
Project("{9A19103F-16F7-4668-BE54-9A1E7A4F7556}") = "Capital and Cargo", "Capital and Cargo.csproj", "{FCFE21ED-FE33-4682-B482-A5612315690D}"
EndProject
Global
	GlobalSection(SolutionConfigurationPlatforms) = preSolution
		Debug|Any CPU = Debug|Any CPU
		Release|Any CPU = Release|Any CPU
	EndGlobalSection
	GlobalSection(ProjectConfigurationPlatforms) = postSolution
		{FCFE21ED-FE33-4682-B482-A5612315690D}.Debug|Any CPU.ActiveCfg = Debug|Any CPU
		{FCFE21ED-FE33-4682-B482-A5612315690D}.Debug|Any CPU.Build.0 = Debug|Any CPU
		{FCFE21ED-FE33-4682-B482-A5612315690D}.Release|Any CPU.ActiveCfg = Release|Any CPU
		{FCFE21ED-FE33-4682-B482-A5612315690D}.Release|Any CPU.Build.0 = Release|Any CPU
	EndGlobalSection
	GlobalSection(SolutionProperties) = preSolution
		HideSolutionNode = FALSE
	EndGlobalSection
	GlobalSection(ExtensibilityGlobals) = postSolution
		SolutionGuid = {9B0CF0FD-4415-4F2F-9857-2FD192269748}
	EndGlobalSection
EndGlobal
